{
  "version": 4,
  "terraform_version": "1.3.9",
  "serial": 3,
  "lineage": "d9e317fa-1062-de14-3b53-631be315c0bc",
  "outputs": {},
  "resources": [
    {
      "mode": "managed",
      "type": "aws_vpc",
      "name": "rav_vpc",
      "provider": "provider[\"registry.terraform.io/hashicorp/aws\"]",
      "instances": [
        {
          "schema_version": 1,
          "attributes": {
            "arn": "arn:aws:ec2:us-west-1:887717549873:vpc/vpc-06fb0a2300a6e2efd",
            "assign_generated_ipv6_cidr_block": false,
            "cidr_block": "10.101.0.0/16",
            "default_network_acl_id": "acl-0b761780cdbd542e4",
            "default_route_table_id": "rtb-0bc74981b13aec0cf",
            "default_security_group_id": "sg-0901a7c5cb2a91e43",
            "dhcp_options_id": "dopt-0235508efb305b367",
            "enable_classiclink": false,
            "enable_classiclink_dns_support": false,
            "enable_dns_hostnames": true,
            "enable_dns_support": true,
            "enable_network_address_usage_metrics": false,
            "id": "vpc-06fb0a2300a6e2efd",
            "instance_tenancy": "default",
            "ipv4_ipam_pool_id": null,
            "ipv4_netmask_length": null,
            "ipv6_association_id": "",
            "ipv6_cidr_block": "",
            "ipv6_cidr_block_network_border_group": "",
            "ipv6_ipam_pool_id": "",
            "ipv6_netmask_length": 0,
            "main_route_table_id": "rtb-0bc74981b13aec0cf",
            "owner_id": "887717549873",
            "tags": {
              "Name": "rav_vpc"
            },
            "tags_all": {
              "Name": "rav_vpc"
            }
          },
          "sensitive_attributes": [],
          "private": "eyJzY2hlbWFfdmVyc2lvbiI6IjEifQ=="
        }
      ]
    }
  ],
  "check_results": null
}
